
Microsoft Visual Studio Solution File, Format Version 12.00
# Visual Studio Version 17
VisualStudioVersion = 17.2.32616.157
MinimumVisualStudioVersion = 10.0.40219.1
Project("{2150E333-8FDC-42A3-9474-1A3956D46DE8}") = "FrontEnd", "FrontEnd", "{2271D620-6CB5-4712-AFCB-280DAC5F306F}"
EndProject
Project("{9A19103F-16F7-4668-BE54-9A1E7A4F7556}") = "Mango.Web", "Mango.Web\Mango.Web.csproj", "{F76F3D0F-D76C-4FC2-A716-F468798A3E76}"
EndProject
Project("{2150E333-8FDC-42A3-9474-1A3956D46DE8}") = "Services", "Services", "{F18A4D9C-6294-4CDB-8C5C-FED1690FB278}"
EndProject
Project("{9A19103F-16F7-4668-BE54-9A1E7A4F7556}") = "Mango.Services.ProductAPI", "Mango.Services.ProductAPI\Mango.Services.ProductAPI.csproj", "{282CCB93-8D29-433D-8A2E-021B25572815}"
EndProject
Project("{9A19103F-16F7-4668-BE54-9A1E7A4F7556}") = "Mango.Services.Identity", "Mango.Services.Identity\Mango.Services.Identity.csproj", "{880ABB7C-3220-4B11-8B0A-2C6E5863872E}"
EndProject
Project("{FAE04EC0-301F-11D3-BF4B-00C04F79EFBC}") = "Mango.Services.ShoppingCart", "Mango.Services.ShoppingCart\Mango.Services.ShoppingCart.csproj", "{1628C63B-4514-4860-8176-C1CBFA49BF0F}"
EndProject
Project("{FAE04EC0-301F-11D3-BF4B-00C04F79EFBC}") = "Mango.Services.CouponAPI", "Mango.Services.CouponAPI\Mango.Services.CouponAPI.csproj", "{7541A692-980C-499D-B509-5512264AA16A}"
EndProject
Global
	GlobalSection(SolutionConfigurationPlatforms) = preSolution
		Debug|Any CPU = Debug|Any CPU
		Release|Any CPU = Release|Any CPU
	EndGlobalSection
	GlobalSection(ProjectConfigurationPlatforms) = postSolution
		{F76F3D0F-D76C-4FC2-A716-F468798A3E76}.Debug|Any CPU.ActiveCfg = Debug|Any CPU
		{F76F3D0F-D76C-4FC2-A716-F468798A3E76}.Debug|Any CPU.Build.0 = Debug|Any CPU
		{F76F3D0F-D76C-4FC2-A716-F468798A3E76}.Release|Any CPU.ActiveCfg = Release|Any CPU
		{F76F3D0F-D76C-4FC2-A716-F468798A3E76}.Release|Any CPU.Build.0 = Release|Any CPU
		{282CCB93-8D29-433D-8A2E-021B25572815}.Debug|Any CPU.ActiveCfg = Debug|Any CPU
		{282CCB93-8D29-433D-8A2E-021B25572815}.Debug|Any CPU.Build.0 = Debug|Any CPU
		{282CCB93-8D29-433D-8A2E-021B25572815}.Release|Any CPU.ActiveCfg = Release|Any CPU
		{282CCB93-8D29-433D-8A2E-021B25572815}.Release|Any CPU.Build.0 = Release|Any CPU
		{880ABB7C-3220-4B11-8B0A-2C6E5863872E}.Debug|Any CPU.ActiveCfg = Debug|Any CPU
		{880ABB7C-3220-4B11-8B0A-2C6E5863872E}.Debug|Any CPU.Build.0 = Debug|Any CPU
		{880ABB7C-3220-4B11-8B0A-2C6E5863872E}.Release|Any CPU.ActiveCfg = Release|Any CPU
		{880ABB7C-3220-4B11-8B0A-2C6E5863872E}.Release|Any CPU.Build.0 = Release|Any CPU
		{1628C63B-4514-4860-8176-C1CBFA49BF0F}.Debug|Any CPU.ActiveCfg = Debug|Any CPU
		{1628C63B-4514-4860-8176-C1CBFA49BF0F}.Debug|Any CPU.Build.0 = Debug|Any CPU
		{1628C63B-4514-4860-8176-C1CBFA49BF0F}.Release|Any CPU.ActiveCfg = Release|Any CPU
		{1628C63B-4514-4860-8176-C1CBFA49BF0F}.Release|Any CPU.Build.0 = Release|Any CPU
		{7541A692-980C-499D-B509-5512264AA16A}.Debug|Any CPU.ActiveCfg = Debug|Any CPU
		{7541A692-980C-499D-B509-5512264AA16A}.Debug|Any CPU.Build.0 = Debug|Any CPU
		{7541A692-980C-499D-B509-5512264AA16A}.Release|Any CPU.ActiveCfg = Release|Any CPU
		{7541A692-980C-499D-B509-5512264AA16A}.Release|Any CPU.Build.0 = Release|Any CPU
	EndGlobalSection
	GlobalSection(SolutionProperties) = preSolution
		HideSolutionNode = FALSE
	EndGlobalSection
	GlobalSection(NestedProjects) = preSolution
		{F76F3D0F-D76C-4FC2-A716-F468798A3E76} = {2271D620-6CB5-4712-AFCB-280DAC5F306F}
		{282CCB93-8D29-433D-8A2E-021B25572815} = {F18A4D9C-6294-4CDB-8C5C-FED1690FB278}
		{880ABB7C-3220-4B11-8B0A-2C6E5863872E} = {F18A4D9C-6294-4CDB-8C5C-FED1690FB278}
		{1628C63B-4514-4860-8176-C1CBFA49BF0F} = {F18A4D9C-6294-4CDB-8C5C-FED1690FB278}
		{7541A692-980C-499D-B509-5512264AA16A} = {F18A4D9C-6294-4CDB-8C5C-FED1690FB278}
	EndGlobalSection
	GlobalSection(ExtensibilityGlobals) = postSolution
		SolutionGuid = {1AFE437C-A84C-4FC2-B284-F46DF4C77A5F}
	EndGlobalSection
EndGlobal
